PODS:
  - MHPinterestLayout (0.1.0)

DEPENDENCIES:
  - MHPinterestLayout (from `../`)

EXTERNAL SOURCES:
  MHPinterestLayout:
    :path: "../"

SPEC CHECKSUMS:
  MHPinterestLayout: 78480d759e90e9b2a40d298fe7b2727c314fcf57

PODFILE CHECKSUM: 7478b64cbfe433b8937a7e6021da82e0c4aec6c2

COCOAPODS: 1.5.2
